
Microsoft Visual Studio Solution File, Format Version 12.00
# Visual Studio Version 16
VisualStudioVersion = 16.0.31205.134
MinimumVisualStudioVersion = 10.0.40219.1
Project("{FAE04EC0-301F-11D3-BF4B-00C04F79EFBC}") = "IOExtensions", "IOExtensions\IOExtensions.csproj", "{DB8D895F-75B2-4A77-B541-B631B307AAD1}"
EndProject
Global
	GlobalSection(SolutionConfigurationPlatforms) = preSolution
		Debug|Any CPU = Debug|Any CPU
		Release|Any CPU = Release|Any CPU
	EndGlobalSection
	GlobalSection(ProjectConfigurationPlatforms) = postSolution
		{DB8D895F-75B2-4A77-B541-B631B307AAD1}.Debug|Any CPU.ActiveCfg = Debug|Any CPU
		{DB8D895F-75B2-4A77-B541-B631B307AAD1}.Debug|Any CPU.Build.0 = Debug|Any CPU
		{DB8D895F-75B2-4A77-B541-B631B307AAD1}.Release|Any CPU.ActiveCfg = Release|Any CPU
		{DB8D895F-75B2-4A77-B541-B631B307AAD1}.Release|Any CPU.Build.0 = Release|Any CPU
	EndGlobalSection
	GlobalSection(SolutionProperties) = preSolution
		HideSolutionNode = FALSE
	EndGlobalSection
	GlobalSection(ExtensibilityGlobals) = postSolution
		SolutionGuid = {7329367D-D98F-476D-AB36-6841B9EDD6AA}
	EndGlobalSection
EndGlobal
